
Microsoft Visual Studio Solution File, Format Version 12.00
# Visual Studio Version 16
VisualStudioVersion = 16.0.29215.179
MinimumVisualStudioVersion = 10.0.40219.1
Project("{9A19103F-16F7-4668-BE54-9A1E7A4F7556}") = "L1PathFinder.TestCli", "example\L1PathFinder.TestCli\L1PathFinder.TestCli.csproj", "{945893B3-14A1-47E3-86E5-284F54FA7D3B}"
EndProject
Project("{9A19103F-16F7-4668-BE54-9A1E7A4F7556}") = "L1PathFinder", "lib\L1PathFinder\L1PathFinder.csproj", "{AD48ED94-B903-4BA0-A122-CC54D54C857D}"
EndProject
Global
	GlobalSection(SolutionConfigurationPlatforms) = preSolution
		Debug|Any CPU = Debug|Any CPU
		Release|Any CPU = Release|Any CPU
	EndGlobalSection
	GlobalSection(ProjectConfigurationPlatforms) = postSolution
		{945893B3-14A1-47E3-86E5-284F54FA7D3B}.Debug|Any CPU.ActiveCfg = Debug|Any CPU
		{945893B3-14A1-47E3-86E5-284F54FA7D3B}.Debug|Any CPU.Build.0 = Debug|Any CPU
		{945893B3-14A1-47E3-86E5-284F54FA7D3B}.Release|Any CPU.ActiveCfg = Release|Any CPU
		{945893B3-14A1-47E3-86E5-284F54FA7D3B}.Release|Any CPU.Build.0 = Release|Any CPU
		{AD48ED94-B903-4BA0-A122-CC54D54C857D}.Debug|Any CPU.ActiveCfg = Debug|Any CPU
		{AD48ED94-B903-4BA0-A122-CC54D54C857D}.Debug|Any CPU.Build.0 = Debug|Any CPU
		{AD48ED94-B903-4BA0-A122-CC54D54C857D}.Release|Any CPU.ActiveCfg = Release|Any CPU
		{AD48ED94-B903-4BA0-A122-CC54D54C857D}.Release|Any CPU.Build.0 = Release|Any CPU
	EndGlobalSection
	GlobalSection(SolutionProperties) = preSolution
		HideSolutionNode = FALSE
	EndGlobalSection
	GlobalSection(ExtensibilityGlobals) = postSolution
		SolutionGuid = {CDAAA4A9-02EE-4907-B472-610A85652A78}
	EndGlobalSection
EndGlobal
